{
  "name": "jormanespinoza.github.io",
  "version": "1.0.0",
  "lockfileVersion": 1,
  "requires": true,
  "dependencies": {
    "typescript": {
      "version": "4.3.4",
      "resolved": "https://registry.npmjs.org/typescript/-/typescript-4.3.4.tgz",
      "integrity": "sha512-uauPG7XZn9F/mo+7MrsRjyvbxFpzemRjKEZXS4AK83oP2KKOJPvb+9cO/gmnv8arWZvhnjVOXz7B49m1l0e9Ew==",
      "dev": true
    },
    "vue": {
      "version": "2.6.14",
      "resolved": "https://registry.npmjs.org/vue/-/vue-2.6.14.tgz",
      "integrity": "sha512-x2284lgYvjOMj3Za7kqzRcUSxBboHqtgRE2zlos1qWaOye5yUmHn42LB1250NJBLRwEcdrB0JRwyPTEPhfQjiQ=="
    },
    "web-vitals": {
      "version": "1.1.2",
      "resolved": "https://registry.npmjs.org/web-vitals/-/web-vitals-1.1.2.tgz",
      "integrity": "sha512-PFMKIY+bRSXlMxVAQ+m2aw9c/ioUYfDgrYot0YUa+/xa0sakubWhSDyxAKwzymvXVdF4CZI71g06W+mqhzu6ig=="
    }
  }
}
